{
    "_meta": {
        "hash": {
            "sha256": "73a9f022cf63ccabcb78b390c01675ec8c6cc9d714cc21be78af09849e116a60"
        },
        "pipfile-spec": 6,
        "requires": {
            "python_version": "3.6"
        },
        "sources": [
            {
                "name": "pypi",
                "url": "https://pypi.python.org/simple",
                "verify_ssl": true
            }
        ]
    },
    "default": {
        "sty": {
            "hashes": [
                "sha256:421960dda2388a9ab81577e74724bbf0bcb724d0c5ddff25bae997d522c831f7"
            ],
            "index": "pypi",
            "version": "==1.0.0b3"
        }
    },
    "develop": {
        "buildlib": {
            "hashes": [
                "sha256:1e6dc0a640d37d55858b6e839a8cc2e0f156d7e22991c6e1944c507604bc15ec"
            ],
            "index": "pypi",
            "version": "==1.0.4"
        },
        "cmdinter": {
            "hashes": [
                "sha256:9a761f97ecd6f109ac3cd68a8d6ff3885eea87ec928af4ec0ae8b977f5bdda2d"
            ],
            "index": "pypi",
            "version": "==1.0.6"
        },
        "headlines": {
            "hashes": [
                "sha256:d027928d040ff13ee190fdcf8db0b8a61b9829e2177ce2da606bf649af44845a"
            ],
            "index": "pypi",
            "version": "==0.0.0a5"
        },
        "prmt": {
            "hashes": [
                "sha256:b88146d20eb1755dd36b62e92eef5b7dbe237b8d95ef0d65a61aa1b2becc0a27"
            ],
            "index": "pypi",
            "version": "==0.0.0a8"
        },
        "processy": {
            "hashes": [
                "sha256:ec43b64c60300d809b6d37183669025429efeb994c59dbc351afa3236d3b47c3"
            ],
            "version": "==1.0.7"
        },
        "py": {
            "hashes": [
                "sha256:21b81bda15b66ef5e1a777a21c4dcd9c20ad3efd0b3f817e7a809035269e1bd3",
                "sha256:3b80836aa6d1feeaa108e046da6423ab8f6ceda6468545ae8d02d9d58d18818a"
            ],
            "index": "pypi",
            "version": "==1.10.0"
        },
        "pytest": {
            "hashes": [
                "sha256:0225cf10b9e173f84729d5f4648211458a222c6e53a77a85e104bc5f31c244ee",
                "sha256:d994b4f28c6d449a467ad3d336544945a0dcf350e3b7b301219547ef5aa8125e"
            ],
            "index": "pypi",
            "version": "==3.2.0"
        },
        "ruamel.yaml": {
            "hashes": [
                "sha256:10493c92c0e5bd57d576d73b708ed900532846ead1b381c5236c41d0c39f5f71",
                "sha256:2de7bd2d5713c46be9d1d489b028178c9497813f78bd0486a31bbe1c268d7f21",
                "sha256:2f28a3b6665697c20d841a4aee21cfb932bb0db91f293ff97daf845b914ddddb",
                "sha256:3127a87b274e516b3bf2058f64d784089322fddd7322f8e78e9f5380bdfee064",
                "sha256:3e87114aac9553c39eea4b88e258eb7fdce39b81a2c399a775efe1f64e4f3d7b",
                "sha256:4bdec0b1a4a12e4a35b788ef53e0b2efd1e9f815ca48615b5244ccdbc8f0b56b",
                "sha256:530bec874292bacbbb80a9143e5182ce436c2a2434a2ea83dda24d30b8e572df",
                "sha256:6432088ef1c3cdc4b304dcec6044e560160c1f51dd0360ae3f0887057d310056",
                "sha256:64868964b64cad9103f37d0b4fc0ec950e5b683bbc47bf4a1ea893fd70aaabf0",
                "sha256:87bdfb04981f1040ec60b1d1bfa8e7e4d89f7d06c86d4b2fa935002c62e43380",
                "sha256:c20e853cb585167fd5e4ce6e1b57fefe7bd4a61659f8fec5f77e12efa59a7a77",
                "sha256:c8da0ea47df5f2dee58f6f904335ac55098b7e72303b01414ce80f37dd3091df",
                "sha256:d92d90c9bc0945223e47223a67808dd97ac9390ed914cc6871479b7ba489e607",
                "sha256:ddf0e1277664fafff0ae692e8ea2fca56f1ee4daf686d9be785ccdf3a9542744",
                "sha256:dfd14829070728159d0dac55a19e4c77514cb8ad3ae3fc2ed065d7f24038b60f",
                "sha256:e884979944642b4ad3222cb102a0d4c17fed2d37abfffdf0f319fae6e41d436a",
                "sha256:f1e29054c6e477963e302b007b6cd1d6c7a58c38d78fabe64fde9ce170d2d1fd"
            ],
            "index": "pypi",
            "version": "==0.15.34"
        }
    }
}
